
Microsoft Visual Studio Solution File, Format Version 12.00
# Visual Studio Version 16
VisualStudioVersion = 25.0.1706.3
MinimumVisualStudioVersion = 10.0.40219.1
Project("{FAE04EC0-301F-11D3-BF4B-00C04F79EFBC}") = "Raides", "Raides.csproj", "{23E9DCEC-504F-4C92-A29D-4F3F04A67F22}"
EndProject
Project("{2150E333-8FDC-42A3-9474-1A3956D46DE8}") = "Solution Items", "Solution Items", "{ED17BE18-D8C4-42F3-87AF-F8E92DC8449B}"
	ProjectSection(SolutionItems) = preProject
		Pradiniai_duom.txt = Pradiniai_duom.txt
	EndProjectSection
EndProject
Global
	GlobalSection(SolutionConfigurationPlatforms) = preSolution
		Debug|Any CPU = Debug|Any CPU
		Release|Any CPU = Release|Any CPU
	EndGlobalSection
	GlobalSection(ProjectConfigurationPlatforms) = postSolution
		{23E9DCEC-504F-4C92-A29D-4F3F04A67F22}.Debug|Any CPU.ActiveCfg = Debug|Any CPU
		{23E9DCEC-504F-4C92-A29D-4F3F04A67F22}.Debug|Any CPU.Build.0 = Debug|Any CPU
		{23E9DCEC-504F-4C92-A29D-4F3F04A67F22}.Release|Any CPU.ActiveCfg = Release|Any CPU
		{23E9DCEC-504F-4C92-A29D-4F3F04A67F22}.Release|Any CPU.Build.0 = Release|Any CPU
	EndGlobalSection
	GlobalSection(SolutionProperties) = preSolution
		HideSolutionNode = FALSE
	EndGlobalSection
	GlobalSection(ExtensibilityGlobals) = postSolution
		SolutionGuid = {92F06C09-5B26-4831-BE72-B08D185BB78D}
	EndGlobalSection
EndGlobal
