
Microsoft Visual Studio Solution File, Format Version 12.00
# Visual Studio Version 17
VisualStudioVersion = 17.7.34009.444
MinimumVisualStudioVersion = 10.0.40219.1
Project("{9A19103F-16F7-4668-BE54-9A1E7A4F7556}") = "DuomenKlase", "DuomenKlase\DuomenKlase.csproj", "{71D47BA1-FD9D-448F-A007-80BD94A8C0B1}"
EndProject
Project("{2150E333-8FDC-42A3-9474-1A3956D46DE8}") = "Solution Items", "Solution Items", "{CE1AEDD2-AEB4-4D0D-BE89-B853AFC9FBA9}"
	ProjectSection(SolutionItems) = preProject
		Dogs.csv = Dogs.csv
	EndProjectSection
EndProject
Global
	GlobalSection(SolutionConfigurationPlatforms) = preSolution
		Debug|Any CPU = Debug|Any CPU
		Release|Any CPU = Release|Any CPU
	EndGlobalSection
	GlobalSection(ProjectConfigurationPlatforms) = postSolution
		{71D47BA1-FD9D-448F-A007-80BD94A8C0B1}.Debug|Any CPU.ActiveCfg = Debug|Any CPU
		{71D47BA1-FD9D-448F-A007-80BD94A8C0B1}.Debug|Any CPU.Build.0 = Debug|Any CPU
		{71D47BA1-FD9D-448F-A007-80BD94A8C0B1}.Release|Any CPU.ActiveCfg = Release|Any CPU
		{71D47BA1-FD9D-448F-A007-80BD94A8C0B1}.Release|Any CPU.Build.0 = Release|Any CPU
	EndGlobalSection
	GlobalSection(SolutionProperties) = preSolution
		HideSolutionNode = FALSE
	EndGlobalSection
	GlobalSection(ExtensibilityGlobals) = postSolution
		SolutionGuid = {D1D74FF8-FCC7-4E4A-A075-CB7234F8E880}
	EndGlobalSection
EndGlobal
