
Microsoft Visual Studio Solution File, Format Version 12.00
# Visual Studio Version 16
VisualStudioVersion = 25.0.1706.3
MinimumVisualStudioVersion = 10.0.40219.1
Project("{FAE04EC0-301F-11D3-BF4B-00C04F79EFBC}") = "K1_pavyzdinis", "K1_pavyzdinis.csproj", "{DDBF95BE-BEE4-43C1-8C6B-CFF8E5747FBC}"
EndProject
Global
	GlobalSection(SolutionConfigurationPlatforms) = preSolution
		Debug|Any CPU = Debug|Any CPU
		Release|Any CPU = Release|Any CPU
	EndGlobalSection
	GlobalSection(ProjectConfigurationPlatforms) = postSolution
		{DDBF95BE-BEE4-43C1-8C6B-CFF8E5747FBC}.Debug|Any CPU.ActiveCfg = Debug|Any CPU
		{DDBF95BE-BEE4-43C1-8C6B-CFF8E5747FBC}.Debug|Any CPU.Build.0 = Debug|Any CPU
		{DDBF95BE-BEE4-43C1-8C6B-CFF8E5747FBC}.Release|Any CPU.ActiveCfg = Release|Any CPU
		{DDBF95BE-BEE4-43C1-8C6B-CFF8E5747FBC}.Release|Any CPU.Build.0 = Release|Any CPU
	EndGlobalSection
	GlobalSection(SolutionProperties) = preSolution
		HideSolutionNode = FALSE
	EndGlobalSection
	GlobalSection(ExtensibilityGlobals) = postSolution
		SolutionGuid = {98CA9BF1-1EBF-44A5-98FD-BF0E5B7E38B9}
	EndGlobalSection
EndGlobal
